// !$*UTF8*$!
{
	archiveVersion = 1;
	classes = {
	};
	objectVersion = 56;
	objects = {

/* Begin PBXBuildFile section */
		05DDA62A2B4533950052B730 /* AppDelegate.swift in Sources */ = {isa = PBXBuildFile; fileRef = 05DDA6292B4533950052B730 /* AppDelegate.swift */; };
		05DDA62C2B4533950052B730 /* SceneDelegate.swift in Sources */ = {isa = PBXBuildFile; fileRef = 05DDA62B2B4533950052B730 /* SceneDelegate.swift */; };
		05DDA6342B4533950052B730 /* FestivalApp.xcdatamodeld in Sources */ = {isa = PBXBuildFile; fileRef = 05DDA6322B4533950052B730 /* FestivalApp.xcdatamodeld */; };
		05DDA6362B4533980052B730 /* Assets.xcassets in Resources */ = {isa = PBXBuildFile; fileRef = 05DDA6352B4533980052B730 /* Assets.xcassets */; };
		05DDA6392B4533980052B730 /* LaunchScreen.storyboard in Resources */ = {isa = PBXBuildFile; fileRef = 05DDA6372B4533980052B730 /* LaunchScreen.storyboard */; };
		05DDA6412B4533F00052B730 /* SearchViewController.swift in Sources */ = {isa = PBXBuildFile; fileRef = 05DDA6402B4533F00052B730 /* SearchViewController.swift */; };
		05DDA6442B45343E0052B730 /* MainTabBarController.swift in Sources */ = {isa = PBXBuildFile; fileRef = 05DDA6432B45343E0052B730 /* MainTabBarController.swift */; };
		05DDA6502B4535B60052B730 /* DetailViewController.swift in Sources */ = {isa = PBXBuildFile; fileRef = 05DDA64F2B4535B60052B730 /* DetailViewController.swift */; };
		05DDA6542B4589D50052B730 /* Festival.swift in Sources */ = {isa = PBXBuildFile; fileRef = 05DDA6532B4589D50052B730 /* Festival.swift */; };
		05DDA6562B4653690052B730 /* MockFestival.swift in Sources */ = {isa = PBXBuildFile; fileRef = 05DDA6552B4653690052B730 /* MockFestival.swift */; };
		05DDA6582B4656C10052B730 /* FestivalCell.swift in Sources */ = {isa = PBXBuildFile; fileRef = 05DDA6572B4656C10052B730 /* FestivalCell.swift */; };
		05DDA65A2B47BFD60052B730 /* NetworkManager.swift in Sources */ = {isa = PBXBuildFile; fileRef = 05DDA6592B47BFD60052B730 /* NetworkManager.swift */; };
		05DDA65F2B47D2040052B730 /* UIImageView+Extension.swift in Sources */ = {isa = PBXBuildFile; fileRef = 05DDA65E2B47D2040052B730 /* UIImageView+Extension.swift */; };
/* End PBXBuildFile section */

/* Begin PBXFileReference section */
		05DDA6262B4533950052B730 /* FestivalApp.app */ = {isa = PBXFileReference; explicitFileType = wrapper.application; includeInIndex = 0; path = FestivalApp.app; sourceTree = BUILT_PRODUCTS_DIR; };
		05DDA6292B4533950052B730 /* AppDelegate.swift */ = {isa = PBXFileReference; lastKnownFileType = sourcecode.swift; path = AppDelegate.swift; sourceTree = "<group>"; };
		05DDA62B2B4533950052B730 /* SceneDelegate.swift */ = {isa = PBXFileReference; lastKnownFileType = sourcecode.swift; path = SceneDelegate.swift; sourceTree = "<group>"; };
		05DDA6332B4533950052B730 /* FestivalApp.xcdatamodel */ = {isa = PBXFileReference; lastKnownFileType = wrapper.xcdatamodel; path = FestivalApp.xcdatamodel; sourceTree = "<group>"; };
		05DDA6352B4533980052B730 /* Assets.xcassets */ = {isa = PBXFileReference; lastKnownFileType = folder.assetcatalog; path = Assets.xcassets; sourceTree = "<group>"; };
		05DDA6382B4533980052B730 /* Base */ = {isa = PBXFileReference; lastKnownFileType = file.storyboard; name = Base; path = Base.lproj/LaunchScreen.storyboard; sourceTree = "<group>"; };
		05DDA63A2B4533980052B730 /* Info.plist */ = {isa = PBXFileReference; lastKnownFileType = text.plist.xml; path = Info.plist; sourceTree = "<group>"; };
		05DDA6402B4533F00052B730 /* SearchViewController.swift */ = {isa = PBXFileReference; lastKnownFileType = sourcecode.swift; path = SearchViewController.swift; sourceTree = "<group>"; };
		05DDA6432B45343E0052B730 /* MainTabBarController.swift */ = {isa = PBXFileReference; lastKnownFileType = sourcecode.swift; path = MainTabBarController.swift; sourceTree = "<group>"; };
		05DDA64F2B4535B60052B730 /* DetailViewController.swift */ = {isa = PBXFileReference; lastKnownFileType = sourcecode.swift; path = DetailViewController.swift; sourceTree = "<group>"; };
		05DDA6532B4589D50052B730 /* Festival.swift */ = {isa = PBXFileReference; lastKnownFileType = sourcecode.swift; path = Festival.swift; sourceTree = "<group>"; };
		05DDA6552B4653690052B730 /* MockFestival.swift */ = {isa = PBXFileReference; lastKnownFileType = sourcecode.swift; path = MockFestival.swift; sourceTree = "<group>"; };
		05DDA6572B4656C10052B730 /* FestivalCell.swift */ = {isa = PBXFileReference; lastKnownFileType = sourcecode.swift; path = FestivalCell.swift; sourceTree = "<group>"; };
		05DDA6592B47BFD60052B730 /* NetworkManager.swift */ = {isa = PBXFileReference; lastKnownFileType = sourcecode.swift; path = NetworkManager.swift; sourceTree = "<group>"; };
		05DDA65E2B47D2040052B730 /* UIImageView+Extension.swift */ = {isa = PBXFileReference; lastKnownFileType = sourcecode.swift; path = "UIImageView+Extension.swift"; sourceTree = "<group>"; };
		05DDA6602B4A80580052B730 /* APIKey.xcconfig */ = {isa = PBXFileReference; lastKnownFileType = text.xcconfig; path = APIKey.xcconfig; sourceTree = "<group>"; };
/* End PBXFileReference section */

/* Begin PBXFrameworksBuildPhase section */
		05DDA6232B4533950052B730 /* Frameworks */ = {
			isa = PBXFrameworksBuildPhase;
			buildActionMask = 2147483647;
			files = (
			);
			runOnlyForDeploymentPostprocessing = 0;
		};
/* End PBXFrameworksBuildPhase section */

/* Begin PBXGroup section */
		05DDA61D2B4533950052B730 = {
			isa = PBXGroup;
			children = (
				05DDA6282B4533950052B730 /* FestivalApp */,
				05DDA6272B4533950052B730 /* Products */,
			);
			sourceTree = "<group>";
		};
		05DDA6272B4533950052B730 /* Products */ = {
			isa = PBXGroup;
			children = (
				05DDA6262B4533950052B730 /* FestivalApp.app */,
			);
			name = Products;
			sourceTree = "<group>";
		};
		05DDA6282B4533950052B730 /* FestivalApp */ = {
			isa = PBXGroup;
			children = (
				05DDA6462B4534B00052B730 /* Sources */,
				05DDA6452B45349D0052B730 /* Resources */,
			);
			path = FestivalApp;
			sourceTree = "<group>";
		};
		05DDA6422B4533F70052B730 /* App */ = {
			isa = PBXGroup;
			children = (
				05DDA6292B4533950052B730 /* AppDelegate.swift */,
				05DDA62B2B4533950052B730 /* SceneDelegate.swift */,
			);
			path = App;
			sourceTree = "<group>";
		};
		05DDA6452B45349D0052B730 /* Resources */ = {
			isa = PBXGroup;
			children = (
				05DDA6602B4A80580052B730 /* APIKey.xcconfig */,
				05DDA6352B4533980052B730 /* Assets.xcassets */,
				05DDA6372B4533980052B730 /* LaunchScreen.storyboard */,
				05DDA63A2B4533980052B730 /* Info.plist */,
				05DDA6322B4533950052B730 /* FestivalApp.xcdatamodeld */,
			);
			path = Resources;
			sourceTree = "<group>";
		};
		05DDA6462B4534B00052B730 /* Sources */ = {
			isa = PBXGroup;
			children = (
				05DDA65D2B47D1EA0052B730 /* Extension */,
				05DDA6422B4533F70052B730 /* App */,
				05DDA64D2B4535800052B730 /* Models */,
				05DDA64A2B4535200052B730 /* Manager */,
				05DDA6472B4534D00052B730 /* Features */,
			);
			path = Sources;
			sourceTree = "<group>";
		};
		05DDA6472B4534D00052B730 /* Features */ = {
			isa = PBXGroup;
			children = (
				05DDA64E2B4535A10052B730 /* Detail */,
				05DDA6492B4534F20052B730 /* TabBar */,
				05DDA6482B4534E50052B730 /* Search */,
			);
			path = Features;
			sourceTree = "<group>";
		};
		05DDA6482B4534E50052B730 /* Search */ = {
			isa = PBXGroup;
			children = (
				05DDA6402B4533F00052B730 /* SearchViewController.swift */,
				05DDA6572B4656C10052B730 /* FestivalCell.swift */,
			);
			path = Search;
			sourceTree = "<group>";
		};
		05DDA6492B4534F20052B730 /* TabBar */ = {
			isa = PBXGroup;
			children = (
				05DDA6432B45343E0052B730 /* MainTabBarController.swift */,
			);
			name = TabBar;
			sourceTree = "<group>";
		};
		05DDA64A2B4535200052B730 /* Manager */ = {
			isa = PBXGroup;
			children = (
				05DDA6592B47BFD60052B730 /* NetworkManager.swift */,
			);
			path = Manager;
			sourceTree = "<group>";
		};
		05DDA64D2B4535800052B730 /* Models */ = {
			isa = PBXGroup;
			children = (
				05DDA6532B4589D50052B730 /* Festival.swift */,
				05DDA6552B4653690052B730 /* MockFestival.swift */,
			);
			path = Models;
			sourceTree = "<group>";
		};
		05DDA64E2B4535A10052B730 /* Detail */ = {
			isa = PBXGroup;
			children = (
				05DDA64F2B4535B60052B730 /* DetailViewController.swift */,
			);
			path = Detail;
			sourceTree = "<group>";
		};
		05DDA65D2B47D1EA0052B730 /* Extension */ = {
			isa = PBXGroup;
			children = (
				05DDA65E2B47D2040052B730 /* UIImageView+Extension.swift */,
			);
			path = Extension;
			sourceTree = "<group>";
		};
/* End PBXGroup section */

/* Begin PBXNativeTarget section */
		05DDA6252B4533950052B730 /* FestivalApp */ = {
			isa = PBXNativeTarget;
			buildConfigurationList = 05DDA63D2B4533980052B730 /* Build configuration list for PBXNativeTarget "FestivalApp" */;
			buildPhases = (
				05DDA6222B4533950052B730 /* Sources */,
				05DDA6232B4533950052B730 /* Frameworks */,
				05DDA6242B4533950052B730 /* Resources */,
			);
			buildRules = (
			);
			dependencies = (
			);
			name = FestivalApp;
			productName = FestivalApp;
			productReference = 05DDA6262B4533950052B730 /* FestivalApp.app */;
			productType = "com.apple.product-type.application";
		};
/* End PBXNativeTarget section */

/* Begin PBXProject section */
		05DDA61E2B4533950052B730 /* Project object */ = {
			isa = PBXProject;
			attributes = {
				BuildIndependentTargetsInParallel = 1;
				LastSwiftUpdateCheck = 1430;
				LastUpgradeCheck = 1430;
				TargetAttributes = {
					05DDA6252B4533950052B730 = {
						CreatedOnToolsVersion = 14.3.1;
					};
				};
			};
			buildConfigurationList = 05DDA6212B4533950052B730 /* Build configuration list for PBXProject "FestivalApp" */;
			compatibilityVersion = "Xcode 14.0";
			developmentRegion = en;
			hasScannedForEncodings = 0;
			knownRegions = (
				en,
				Base,
			);
			mainGroup = 05DDA61D2B4533950052B730;
			productRefGroup = 05DDA6272B4533950052B730 /* Products */;
			projectDirPath = "";
			projectRoot = "";
			targets = (
				05DDA6252B4533950052B730 /* FestivalApp */,
			);
		};
/* End PBXProject section */

/* Begin PBXResourcesBuildPhase section */
		05DDA6242B4533950052B730 /* Resources */ = {
			isa = PBXResourcesBuildPhase;
			buildActionMask = 2147483647;
			files = (
				05DDA6392B4533980052B730 /* LaunchScreen.storyboard in Resources */,
				05DDA6362B4533980052B730 /* Assets.xcassets in Resources */,
			);
			runOnlyForDeploymentPostprocessing = 0;
		};
/* End PBXResourcesBuildPhase section */

/* Begin PBXSourcesBuildPhase section */
		05DDA6222B4533950052B730 /* Sources */ = {
			isa = PBXSourcesBuildPhase;
			buildActionMask = 2147483647;
			files = (
				05DDA6412B4533F00052B730 /* SearchViewController.swift in Sources */,
				05DDA6442B45343E0052B730 /* MainTabBarController.swift in Sources */,
				05DDA65A2B47BFD60052B730 /* NetworkManager.swift in Sources */,
				05DDA6562B4653690052B730 /* MockFestival.swift in Sources */,
				05DDA6582B4656C10052B730 /* FestivalCell.swift in Sources */,
				05DDA65F2B47D2040052B730 /* UIImageView+Extension.swift in Sources */,
				05DDA62A2B4533950052B730 /* AppDelegate.swift in Sources */,
				05DDA62C2B4533950052B730 /* SceneDelegate.swift in Sources */,
				05DDA6342B4533950052B730 /* FestivalApp.xcdatamodeld in Sources */,
				05DDA6502B4535B60052B730 /* DetailViewController.swift in Sources */,
				05DDA6542B4589D50052B730 /* Festival.swift in Sources */,
			);
			runOnlyForDeploymentPostprocessing = 0;
		};
/* End PBXSourcesBuildPhase section */

/* Begin PBXVariantGroup section */
		05DDA6372B4533980052B730 /* LaunchScreen.storyboard */ = {
			isa = PBXVariantGroup;
			children = (
				05DDA6382B4533980052B730 /* Base */,
			);
			name = LaunchScreen.storyboard;
			sourceTree = "<group>";
		};
/* End PBXVariantGroup section */

/* Begin XCBuildConfiguration section */
		05DDA63B2B4533980052B730 /* Debug */ = {
			isa = XCBuildConfiguration;
			buildSettings = {
				ALWAYS_SEARCH_USER_PATHS = NO;
				CLANG_ANALYZER_NONNULL = YES;
				CLANG_ANALYZER_NUMBER_OBJECT_CONVERSION = YES_AGGRESSIVE;
				CLANG_CXX_LANGUAGE_STANDARD = "gnu++20";
				CLANG_ENABLE_MODULES = YES;
				CLANG_ENABLE_OBJC_ARC = YES;
				CLANG_ENABLE_OBJC_WEAK = YES;
				CLANG_WARN_BLOCK_CAPTURE_AUTORELEASING = YES;
				CLANG_WARN_BOOL_CONVERSION = YES;
				CLANG_WARN_COMMA = YES;
				CLANG_WARN_CONSTANT_CONVERSION = YES;
				CLANG_WARN_DEPRECATED_OBJC_IMPLEMENTATIONS = YES;
				CLANG_WARN_DIRECT_OBJC_ISA_USAGE = YES_ERROR;
				CLANG_WARN_DOCUMENTATION_COMMENTS = YES;
				CLANG_WARN_EMPTY_BODY = YES;
				CLANG_WARN_ENUM_CONVERSION = YES;
				CLANG_WARN_INFINITE_RECURSION = YES;
				CLANG_WARN_INT_CONVERSION = YES;
				CLANG_WARN_NON_LITERAL_NULL_CONVERSION = YES;
				CLANG_WARN_OBJC_IMPLICIT_RETAIN_SELF = YES;
				CLANG_WARN_OBJC_LITERAL_CONVERSION = YES;
				CLANG_WARN_OBJC_ROOT_CLASS = YES_ERROR;
				CLANG_WARN_QUOTED_INCLUDE_IN_FRAMEWORK_HEADER = YES;
				CLANG_WARN_RANGE_LOOP_ANALYSIS = YES;
				CLANG_WARN_STRICT_PROTOTYPES = YES;
				CLANG_WARN_SUSPICIOUS_MOVE = YES;
				CLANG_WARN_UNGUARDED_AVAILABILITY = YES_AGGRESSIVE;
				CLANG_WARN_UNREACHABLE_CODE = YES;
				CLANG_WARN__DUPLICATE_METHOD_MATCH = YES;
				COPY_PHASE_STRIP = NO;
				DEBUG_INFORMATION_FORMAT = dwarf;
				ENABLE_STRICT_OBJC_MSGSEND = YES;
				ENABLE_TESTABILITY = YES;
				GCC_C_LANGUAGE_STANDARD = gnu11;
				GCC_DYNAMIC_NO_PIC = NO;
				GCC_NO_COMMON_BLOCKS = YES;
				GCC_OPTIMIZATION_LEVEL = 0;
				GCC_PREPROCESSOR_DEFINITIONS = (
					"DEBUG=1",
					"$(inherited)",
				);
				GCC_WARN_64_TO_32_BIT_CONVERSION = YES;
				GCC_WARN_ABOUT_RETURN_TYPE = YES_ERROR;
				GCC_WARN_UNDECLARED_SELECTOR = YES;
				GCC_WARN_UNINITIALIZED_AUTOS = YES_AGGRESSIVE;
				GCC_WARN_UNUSED_FUNCTION = YES;
				GCC_WARN_UNUSED_VARIABLE = YES;
				IPHONEOS_DEPLOYMENT_TARGET = 15.0;
				MTL_ENABLE_DEBUG_INFO = INCLUDE_SOURCE;
				MTL_FAST_MATH = YES;
				ONLY_ACTIVE_ARCH = YES;
				SDKROOT = iphoneos;
				SWIFT_ACTIVE_COMPILATION_CONDITIONS = DEBUG;
				SWIFT_OPTIMIZATION_LEVEL = "-Onone";
			};
			name = Debug;
		};
		05DDA63C2B4533980052B730 /* Release */ = {
			isa = XCBuildConfiguration;
			buildSettings = {
				ALWAYS_SEARCH_USER_PATHS = NO;
				CLANG_ANALYZER_NONNULL = YES;
				CLANG_ANALYZER_NUMBER_OBJECT_CONVERSION = YES_AGGRESSIVE;
				CLANG_CXX_LANGUAGE_STANDARD = "gnu++20";
				CLANG_ENABLE_MODULES = YES;
				CLANG_ENABLE_OBJC_ARC = YES;
				CLANG_ENABLE_OBJC_WEAK = YES;
				CLANG_WARN_BLOCK_CAPTURE_AUTORELEASING = YES;
				CLANG_WARN_BOOL_CONVERSION = YES;
				CLANG_WARN_COMMA = YES;
				CLANG_WARN_CONSTANT_CONVERSION = YES;
				CLANG_WARN_DEPRECATED_OBJC_IMPLEMENTATIONS = YES;
				CLANG_WARN_DIRECT_OBJC_ISA_USAGE = YES_ERROR;
				CLANG_WARN_DOCUMENTATION_COMMENTS = YES;
				CLANG_WARN_EMPTY_BODY = YES;
				CLANG_WARN_ENUM_CONVERSION = YES;
				CLANG_WARN_INFINITE_RECURSION = YES;
				CLANG_WARN_INT_CONVERSION = YES;
				CLANG_WARN_NON_LITERAL_NULL_CONVERSION = YES;
				CLANG_WARN_OBJC_IMPLICIT_RETAIN_SELF = YES;
				CLANG_WARN_OBJC_LITERAL_CONVERSION = YES;
				CLANG_WARN_OBJC_ROOT_CLASS = YES_ERROR;
				CLANG_WARN_QUOTED_INCLUDE_IN_FRAMEWORK_HEADER = YES;
				CLANG_WARN_RANGE_LOOP_ANALYSIS = YES;
				CLANG_WARN_STRICT_PROTOTYPES = YES;
				CLANG_WARN_SUSPICIOUS_MOVE = YES;
				CLANG_WARN_UNGUARDED_AVAILABILITY = YES_AGGRESSIVE;
				CLANG_WARN_UNREACHABLE_CODE = YES;
				CLANG_WARN__DUPLICATE_METHOD_MATCH = YES;
				COPY_PHASE_STRIP = NO;
				DEBUG_INFORMATION_FORMAT = "dwarf-with-dsym";
				ENABLE_NS_ASSERTIONS = NO;
				ENABLE_STRICT_OBJC_MSGSEND = YES;
				GCC_C_LANGUAGE_STANDARD = gnu11;
				GCC_NO_COMMON_BLOCKS = YES;
				GCC_WARN_64_TO_32_BIT_CONVERSION = YES;
				GCC_WARN_ABOUT_RETURN_TYPE = YES_ERROR;
				GCC_WARN_UNDECLARED_SELECTOR = YES;
				GCC_WARN_UNINITIALIZED_AUTOS = YES_AGGRESSIVE;
				GCC_WARN_UNUSED_FUNCTION = YES;
				GCC_WARN_UNUSED_VARIABLE = YES;
				IPHONEOS_DEPLOYMENT_TARGET = 15.0;
				MTL_ENABLE_DEBUG_INFO = NO;
				MTL_FAST_MATH = YES;
				SDKROOT = iphoneos;
				SWIFT_COMPILATION_MODE = wholemodule;
				SWIFT_OPTIMIZATION_LEVEL = "-O";
				VALIDATE_PRODUCT = YES;
			};
			name = Release;
		};
		05DDA63E2B4533980052B730 /* Debug */ = {
			isa = XCBuildConfiguration;
			baseConfigurationReference = 05DDA6602B4A80580052B730 /* APIKey.xcconfig */;
			buildSettings = {
				ASSETCATALOG_COMPILER_APPICON_NAME = AppIcon;
				ASSETCATALOG_COMPILER_GLOBAL_ACCENT_COLOR_NAME = AccentColor;
				CODE_SIGN_STYLE = Automatic;
				CURRENT_PROJECT_VERSION = 1;
				DEVELOPMENT_TEAM = 8Y94852757;
				GENERATE_INFOPLIST_FILE = YES;
				INFOPLIST_FILE = FestivalApp/Resources/Info.plist;
				INFOPLIST_KEY_UIApplicationSupportsIndirectInputEvents = YES;
				INFOPLIST_KEY_UILaunchStoryboardName = LaunchScreen;
				INFOPLIST_KEY_UISupportedInterfaceOrientations = UIInterfaceOrientationPortrait;
				INFOPLIST_KEY_UISupportedInterfaceOrientations_iPad = "UIInterfaceOrientationLandscapeLeft UIInterfaceOrientationLandscapeRight UIInterfaceOrientationPortrait UIInterfaceOrientationPortraitUpsideDown";
				IPHONEOS_DEPLOYMENT_TARGET = 15.0;
				LD_RUNPATH_SEARCH_PATHS = (
					"$(inherited)",
					"@executable_path/Frameworks",
				);
				MARKETING_VERSION = 1.0;
				PRODUCT_BUNDLE_IDENTIFIER = com.playhong16.FestivalApp;
				PRODUCT_NAME = "$(TARGET_NAME)";
				SUPPORTED_PLATFORMS = "iphoneos iphonesimulator";
				SUPPORTS_MACCATALYST = NO;
				SUPPORTS_MAC_DESIGNED_FOR_IPHONE_IPAD = NO;
				SWIFT_EMIT_LOC_STRINGS = YES;
				SWIFT_VERSION = 5.0;
				TARGETED_DEVICE_FAMILY = 1;
			};
			name = Debug;
		};
		05DDA63F2B4533980052B730 /* Release */ = {
			isa = XCBuildConfiguration;
			baseConfigurationReference = 05DDA6602B4A80580052B730 /* APIKey.xcconfig */;
			buildSettings = {
				ASSETCATALOG_COMPILER_APPICON_NAME = AppIcon;
				ASSETCATALOG_COMPILER_GLOBAL_ACCENT_COLOR_NAME = AccentColor;
				CODE_SIGN_STYLE = Automatic;
				CURRENT_PROJECT_VERSION = 1;
				DEVELOPMENT_TEAM = 8Y94852757;
				GENERATE_INFOPLIST_FILE = YES;
				INFOPLIST_FILE = FestivalApp/Resources/Info.plist;
				INFOPLIST_KEY_UIApplicationSupportsIndirectInputEvents = YES;
				INFOPLIST_KEY_UILaunchStoryboardName = LaunchScreen;
				INFOPLIST_KEY_UISupportedInterfaceOrientations = UIInterfaceOrientationPortrait;
				INFOPLIST_KEY_UISupportedInterfaceOrientations_iPad = "UIInterfaceOrientationLandscapeLeft UIInterfaceOrientationLandscapeRight UIInterfaceOrientationPortrait UIInterfaceOrientationPortraitUpsideDown";
				IPHONEOS_DEPLOYMENT_TARGET = 15.0;
				LD_RUNPATH_SEARCH_PATHS = (
					"$(inherited)",
					"@executable_path/Frameworks",
				);
				MARKETING_VERSION = 1.0;
				PRODUCT_BUNDLE_IDENTIFIER = com.playhong16.FestivalApp;
				PRODUCT_NAME = "$(TARGET_NAME)";
				SUPPORTED_PLATFORMS = "iphoneos iphonesimulator";
				SUPPORTS_MACCATALYST = NO;
				SUPPORTS_MAC_DESIGNED_FOR_IPHONE_IPAD = NO;
				SWIFT_EMIT_LOC_STRINGS = YES;
				SWIFT_VERSION = 5.0;
				TARGETED_DEVICE_FAMILY = 1;
			};
			name = Release;
		};
/* End XCBuildConfiguration section */

/* Begin XCConfigurationList section */
		05DDA6212B4533950052B730 /* Build configuration list for PBXProject "FestivalApp" */ = {
			isa = XCConfigurationList;
			buildConfigurations = (
				05DDA63B2B4533980052B730 /* Debug */,
				05DDA63C2B4533980052B730 /* Release */,
			);
			defaultConfigurationIsVisible = 0;
			defaultConfigurationName = Release;
		};
		05DDA63D2B4533980052B730 /* Build configuration list for PBXNativeTarget "FestivalApp" */ = {
			isa = XCConfigurationList;
			buildConfigurations = (
				05DDA63E2B4533980052B730 /* Debug */,
				05DDA63F2B4533980052B730 /* Release */,
			);
			defaultConfigurationIsVisible = 0;
			defaultConfigurationName = Release;
		};
/* End XCConfigurationList section */

/* Begin XCVersionGroup section */
		05DDA6322B4533950052B730 /* FestivalApp.xcdatamodeld */ = {
			isa = XCVersionGroup;
			children = (
				05DDA6332B4533950052B730 /* FestivalApp.xcdatamodel */,
			);
			currentVersion = 05DDA6332B4533950052B730 /* FestivalApp.xcdatamodel */;
			path = FestivalApp.xcdatamodeld;
			sourceTree = "<group>";
			versionGroupType = wrapper.xcdatamodel;
		};
/* End XCVersionGroup section */
	};
	rootObject = 05DDA61E2B4533950052B730 /* Project object */;
}
